
Microsoft Visual Studio Solution File, Format Version 12.00
# Visual Studio Version 17
VisualStudioVersion = 17.9.34728.123
MinimumVisualStudioVersion = 10.0.40219.1
Project("{9A19103F-16F7-4668-BE54-9A1E7A4F7556}") = "Cod3rsGrowth.Dominio", "Cod3rsGrowth.Dominio\Cod3rsGrowth.Dominio.csproj", "{C0B06803-C65A-4A5C-9959-987EE6B62B73}"
EndProject
Project("{9A19103F-16F7-4668-BE54-9A1E7A4F7556}") = "Cod3rsGrowth.Infra", "Cod3rsGrowth.Infra\Cod3rsGrowth.Infra.csproj", "{175267C3-C641-4AAC-81FA-19628F65E1D4}"
EndProject
Project("{9A19103F-16F7-4668-BE54-9A1E7A4F7556}") = "Cod3rsGrowth.Forms", "Cod3rsGrowth.Forms\Cod3rsGrowth.Forms.csproj", "{ECCCF91D-AA34-42ED-8938-6BF245E6E5FC}"
EndProject
Project("{9A19103F-16F7-4668-BE54-9A1E7A4F7556}") = "Cod3rsGrowth.Web", "Cod3rsGrowth.Web\Cod3rsGrowth.Web.csproj", "{DB0BE585-125A-4966-9356-E3C4C39D6C0B}"
EndProject
Project("{9A19103F-16F7-4668-BE54-9A1E7A4F7556}") = "Cod3rsGrowth.Test", "Cod3rsGrowth.Test\Cod3rsGrowth.Test.csproj", "{96A4F732-F84E-4EDE-9AAD-95BD4D6E1219}"
<<<<<<< HEAD
EndProject
Project("{FAE04EC0-301F-11D3-BF4B-00C04F79EFBC}") = "Cod3rsGrowth.Servicos", "Cod3rsGrowth.Servicos\Cod3rsGrowth.Servicos.csproj", "{262B11EB-2CA0-4860-9BAE-7EC9C1223E3F}"
=======
>>>>>>> c73d85fb2518b61199fd627759411736170a93e3
EndProject
Global
	GlobalSection(SolutionConfigurationPlatforms) = preSolution
		Debug|Any CPU = Debug|Any CPU
		Release|Any CPU = Release|Any CPU
	EndGlobalSection
	GlobalSection(ProjectConfigurationPlatforms) = postSolution
		{C0B06803-C65A-4A5C-9959-987EE6B62B73}.Debug|Any CPU.ActiveCfg = Debug|Any CPU
		{C0B06803-C65A-4A5C-9959-987EE6B62B73}.Debug|Any CPU.Build.0 = Debug|Any CPU
		{C0B06803-C65A-4A5C-9959-987EE6B62B73}.Release|Any CPU.ActiveCfg = Release|Any CPU
		{C0B06803-C65A-4A5C-9959-987EE6B62B73}.Release|Any CPU.Build.0 = Release|Any CPU
		{175267C3-C641-4AAC-81FA-19628F65E1D4}.Debug|Any CPU.ActiveCfg = Debug|Any CPU
		{175267C3-C641-4AAC-81FA-19628F65E1D4}.Debug|Any CPU.Build.0 = Debug|Any CPU
		{175267C3-C641-4AAC-81FA-19628F65E1D4}.Release|Any CPU.ActiveCfg = Release|Any CPU
		{175267C3-C641-4AAC-81FA-19628F65E1D4}.Release|Any CPU.Build.0 = Release|Any CPU
		{ECCCF91D-AA34-42ED-8938-6BF245E6E5FC}.Debug|Any CPU.ActiveCfg = Debug|Any CPU
		{ECCCF91D-AA34-42ED-8938-6BF245E6E5FC}.Debug|Any CPU.Build.0 = Debug|Any CPU
		{ECCCF91D-AA34-42ED-8938-6BF245E6E5FC}.Release|Any CPU.ActiveCfg = Release|Any CPU
		{ECCCF91D-AA34-42ED-8938-6BF245E6E5FC}.Release|Any CPU.Build.0 = Release|Any CPU
		{DB0BE585-125A-4966-9356-E3C4C39D6C0B}.Debug|Any CPU.ActiveCfg = Debug|Any CPU
		{DB0BE585-125A-4966-9356-E3C4C39D6C0B}.Debug|Any CPU.Build.0 = Debug|Any CPU
		{DB0BE585-125A-4966-9356-E3C4C39D6C0B}.Release|Any CPU.ActiveCfg = Release|Any CPU
		{DB0BE585-125A-4966-9356-E3C4C39D6C0B}.Release|Any CPU.Build.0 = Release|Any CPU
		{96A4F732-F84E-4EDE-9AAD-95BD4D6E1219}.Debug|Any CPU.ActiveCfg = Debug|Any CPU
		{96A4F732-F84E-4EDE-9AAD-95BD4D6E1219}.Debug|Any CPU.Build.0 = Debug|Any CPU
		{96A4F732-F84E-4EDE-9AAD-95BD4D6E1219}.Release|Any CPU.ActiveCfg = Release|Any CPU
		{96A4F732-F84E-4EDE-9AAD-95BD4D6E1219}.Release|Any CPU.Build.0 = Release|Any CPU
		{262B11EB-2CA0-4860-9BAE-7EC9C1223E3F}.Debug|Any CPU.ActiveCfg = Debug|Any CPU
		{262B11EB-2CA0-4860-9BAE-7EC9C1223E3F}.Debug|Any CPU.Build.0 = Debug|Any CPU
		{262B11EB-2CA0-4860-9BAE-7EC9C1223E3F}.Release|Any CPU.ActiveCfg = Release|Any CPU
		{262B11EB-2CA0-4860-9BAE-7EC9C1223E3F}.Release|Any CPU.Build.0 = Release|Any CPU
	EndGlobalSection
	GlobalSection(SolutionProperties) = preSolution
		HideSolutionNode = FALSE
	EndGlobalSection
	GlobalSection(ExtensibilityGlobals) = postSolution
		SolutionGuid = {C280E318-220C-482F-99E6-A0A731493E01}
	EndGlobalSection
EndGlobal
